
Microsoft Visual Studio Solution File, Format Version 12.00
# Visual Studio Version 16
VisualStudioVersion = 16.0.31515.178
MinimumVisualStudioVersion = 10.0.40219.1
Project("{FAE04EC0-301F-11D3-BF4B-00C04F79EFBC}") = "LibraryApp4", "LibraryApp4.csproj", "{C5B4C7FE-BDC7-49E4-9087-7084663C4093}"
EndProject
Global
	GlobalSection(SolutionConfigurationPlatforms) = preSolution
		Debug|Any CPU = Debug|Any CPU
		Release|Any CPU = Release|Any CPU
	EndGlobalSection
	GlobalSection(ProjectConfigurationPlatforms) = postSolution
		{C5B4C7FE-BDC7-49E4-9087-7084663C4093}.Debug|Any CPU.ActiveCfg = Debug|Any CPU
		{C5B4C7FE-BDC7-49E4-9087-7084663C4093}.Debug|Any CPU.Build.0 = Debug|Any CPU
		{C5B4C7FE-BDC7-49E4-9087-7084663C4093}.Release|Any CPU.ActiveCfg = Release|Any CPU
		{C5B4C7FE-BDC7-49E4-9087-7084663C4093}.Release|Any CPU.Build.0 = Release|Any CPU
	EndGlobalSection
	GlobalSection(SolutionProperties) = preSolution
		HideSolutionNode = FALSE
	EndGlobalSection
	GlobalSection(ExtensibilityGlobals) = postSolution
		SolutionGuid = {79FB5C07-4EE3-4AEA-8968-00B36C0AEBF0}
	EndGlobalSection
EndGlobal
